
Microsoft Visual Studio Solution File, Format Version 12.00
# Visual Studio Version 16
VisualStudioVersion = 16.0.30717.126
MinimumVisualStudioVersion = 10.0.40219.1
Project("{9A19103F-16F7-4668-BE54-9A1E7A4F7556}") = "DataAccess", "DataAccess\DataAccess.csproj", "{CAC58E0E-38F3-4C9F-9EF0-5261004257F8}"
EndProject
Project("{9A19103F-16F7-4668-BE54-9A1E7A4F7556}") = "Business", "Business\Business.csproj", "{A635948F-A7DA-49A5-867C-062B0935A8EE}"
EndProject
Project("{9A19103F-16F7-4668-BE54-9A1E7A4F7556}") = "Entities", "Entities\Entities.csproj", "{32A9996E-041C-40F2-ACD7-4E7F4C01BEF5}"
EndProject
Project("{9A19103F-16F7-4668-BE54-9A1E7A4F7556}") = "ConsoleUI", "ConsoleUI\ConsoleUI.csproj", "{D1B99F11-C012-4EAF-B25D-97B505780896}"
EndProject
Project("{9A19103F-16F7-4668-BE54-9A1E7A4F7556}") = "Core", "Core\Core.csproj", "{CFA20E54-34C5-46AC-9ABB-CA32A1B3193C}"
EndProject
Project("{FAE04EC0-301F-11D3-BF4B-00C04F79EFBC}") = "WebAPI", "WebAPI\WebAPI.csproj", "{87ACFB66-B36D-4EFA-9C45-8081050D77F2}"
EndProject
Global
	GlobalSection(SolutionConfigurationPlatforms) = preSolution
		Debug|Any CPU = Debug|Any CPU
		Release|Any CPU = Release|Any CPU
	EndGlobalSection
	GlobalSection(ProjectConfigurationPlatforms) = postSolution
		{CAC58E0E-38F3-4C9F-9EF0-5261004257F8}.Debug|Any CPU.ActiveCfg = Debug|Any CPU
		{CAC58E0E-38F3-4C9F-9EF0-5261004257F8}.Debug|Any CPU.Build.0 = Debug|Any CPU
		{CAC58E0E-38F3-4C9F-9EF0-5261004257F8}.Release|Any CPU.ActiveCfg = Release|Any CPU
		{CAC58E0E-38F3-4C9F-9EF0-5261004257F8}.Release|Any CPU.Build.0 = Release|Any CPU
		{A635948F-A7DA-49A5-867C-062B0935A8EE}.Debug|Any CPU.ActiveCfg = Debug|Any CPU
		{A635948F-A7DA-49A5-867C-062B0935A8EE}.Debug|Any CPU.Build.0 = Debug|Any CPU
		{A635948F-A7DA-49A5-867C-062B0935A8EE}.Release|Any CPU.ActiveCfg = Release|Any CPU
		{A635948F-A7DA-49A5-867C-062B0935A8EE}.Release|Any CPU.Build.0 = Release|Any CPU
		{32A9996E-041C-40F2-ACD7-4E7F4C01BEF5}.Debug|Any CPU.ActiveCfg = Debug|Any CPU
		{32A9996E-041C-40F2-ACD7-4E7F4C01BEF5}.Debug|Any CPU.Build.0 = Debug|Any CPU
		{32A9996E-041C-40F2-ACD7-4E7F4C01BEF5}.Release|Any CPU.ActiveCfg = Release|Any CPU
		{32A9996E-041C-40F2-ACD7-4E7F4C01BEF5}.Release|Any CPU.Build.0 = Release|Any CPU
		{D1B99F11-C012-4EAF-B25D-97B505780896}.Debug|Any CPU.ActiveCfg = Debug|Any CPU
		{D1B99F11-C012-4EAF-B25D-97B505780896}.Debug|Any CPU.Build.0 = Debug|Any CPU
		{D1B99F11-C012-4EAF-B25D-97B505780896}.Release|Any CPU.ActiveCfg = Release|Any CPU
		{D1B99F11-C012-4EAF-B25D-97B505780896}.Release|Any CPU.Build.0 = Release|Any CPU
		{CFA20E54-34C5-46AC-9ABB-CA32A1B3193C}.Debug|Any CPU.ActiveCfg = Debug|Any CPU
		{CFA20E54-34C5-46AC-9ABB-CA32A1B3193C}.Debug|Any CPU.Build.0 = Debug|Any CPU
		{CFA20E54-34C5-46AC-9ABB-CA32A1B3193C}.Release|Any CPU.ActiveCfg = Release|Any CPU
		{CFA20E54-34C5-46AC-9ABB-CA32A1B3193C}.Release|Any CPU.Build.0 = Release|Any CPU
		{87ACFB66-B36D-4EFA-9C45-8081050D77F2}.Debug|Any CPU.ActiveCfg = Debug|Any CPU
		{87ACFB66-B36D-4EFA-9C45-8081050D77F2}.Debug|Any CPU.Build.0 = Debug|Any CPU
		{87ACFB66-B36D-4EFA-9C45-8081050D77F2}.Release|Any CPU.ActiveCfg = Release|Any CPU
		{87ACFB66-B36D-4EFA-9C45-8081050D77F2}.Release|Any CPU.Build.0 = Release|Any CPU
	EndGlobalSection
	GlobalSection(SolutionProperties) = preSolution
		HideSolutionNode = FALSE
	EndGlobalSection
	GlobalSection(ExtensibilityGlobals) = postSolution
		SolutionGuid = {3DEC6EB3-0523-4B98-BACE-0C6C9DF84EEE}
	EndGlobalSection
EndGlobal
